// !$*UTF8*$!
{
	archiveVersion = 1;
	classes = {
	};
	objectVersion = 50;
	objects = {

/* Begin PBXBuildFile section */
		3E21D90B25E986CF001BFE96 /* main.cpp in Sources */ = {isa = PBXBuildFile; fileRef = 3E21D90A25E986CF001BFE96 /* main.cpp */; };
		3E21D98C25E99046001BFE96 /* GenerateGene.cpp in Sources */ = {isa = PBXBuildFile; fileRef = 3E21D96C25E99045001BFE96 /* GenerateGene.cpp */; };
		3E21D98D25E99046001BFE96 /* CellArrayScaffold.cpp in Sources */ = {isa = PBXBuildFile; fileRef = 3E21D97025E99045001BFE96 /* CellArrayScaffold.cpp */; };
		3E21D98E25E99046001BFE96 /* random.cpp in Sources */ = {isa = PBXBuildFile; fileRef = 3E21D97225E99045001BFE96 /* random.cpp */; };
		3E21D98F25E99046001BFE96 /* RunSimulation.cpp in Sources */ = {isa = PBXBuildFile; fileRef = 3E21D97425E99045001BFE96 /* RunSimulation.cpp */; };
		3E21D99025E99046001BFE96 /* Gene.cpp in Sources */ = {isa = PBXBuildFile; fileRef = 3E21D97525E99046001BFE96 /* Gene.cpp */; };
		3E21D99125E99046001BFE96 /* Cell.cpp in Sources */ = {isa = PBXBuildFile; fileRef = 3E21D97825E99046001BFE96 /* Cell.cpp */; };
		3E21D99225E99046001BFE96 /* ConnectionWeight.cpp in Sources */ = {isa = PBXBuildFile; fileRef = 3E21D97B25E99046001BFE96 /* ConnectionWeight.cpp */; };
		3E21D99325E99046001BFE96 /* Phenotype.cpp in Sources */ = {isa = PBXBuildFile; fileRef = 3E21D97D25E99046001BFE96 /* Phenotype.cpp */; };
		3E21D99425E99046001BFE96 /* Connection.cpp in Sources */ = {isa = PBXBuildFile; fileRef = 3E21D97F25E99046001BFE96 /* Connection.cpp */; };
		3E21D99525E99046001BFE96 /* PolygonCalculations.cpp in Sources */ = {isa = PBXBuildFile; fileRef = 3E21D98025E99046001BFE96 /* PolygonCalculations.cpp */; };
		3E21D99625E99046001BFE96 /* SensorDot.cpp in Sources */ = {isa = PBXBuildFile; fileRef = 3E21D98325E99046001BFE96 /* SensorDot.cpp */; };
		3E21D99725E99046001BFE96 /* SensorArray.cpp in Sources */ = {isa = PBXBuildFile; fileRef = 3E21D98425E99046001BFE96 /* SensorArray.cpp */; };
		3E21D99825E99046001BFE96 /* Genotype.cpp in Sources */ = {isa = PBXBuildFile; fileRef = 3E21D98825E99046001BFE96 /* Genotype.cpp */; };
		3E21D99925E99046001BFE96 /* CellArray.cpp in Sources */ = {isa = PBXBuildFile; fileRef = 3E21D98925E99046001BFE96 /* CellArray.cpp */; };
		3E21D99A25E99046001BFE96 /* GlobalVariables.cpp in Sources */ = {isa = PBXBuildFile; fileRef = 3E21D98A25E99046001BFE96 /* GlobalVariables.cpp */; };
/* End PBXBuildFile section */

/* Begin PBXCopyFilesBuildPhase section */
		3E25237524C7750F00FBD880 /* CopyFiles */ = {
			isa = PBXCopyFilesBuildPhase;
			buildActionMask = 2147483647;
			dstPath = /usr/share/man/man1/;
			dstSubfolderSpec = 0;
			files = (
			);
			runOnlyForDeploymentPostprocessing = 1;
		};
/* End PBXCopyFilesBuildPhase section */

/* Begin PBXFileReference section */
		3E21D90A25E986CF001BFE96 /* main.cpp */ = {isa = PBXFileReference; fileEncoding = 4; lastKnownFileType = sourcecode.cpp.cpp; path = main.cpp; sourceTree = "<group>"; };
		3E21D96C25E99045001BFE96 /* GenerateGene.cpp */ = {isa = PBXFileReference; fileEncoding = 4; lastKnownFileType = sourcecode.cpp.cpp; name = GenerateGene.cpp; path = cpp_Script/GenerateGene.cpp; sourceTree = "<group>"; };
		3E21D96D25E99045001BFE96 /* ConnectionWeight.hpp */ = {isa = PBXFileReference; fileEncoding = 4; lastKnownFileType = sourcecode.cpp.h; name = ConnectionWeight.hpp; path = cpp_Script/ConnectionWeight.hpp; sourceTree = "<group>"; };
		3E21D96E25E99045001BFE96 /* Robot.hpp */ = {isa = PBXFileReference; fileEncoding = 4; lastKnownFileType = sourcecode.cpp.h; name = Robot.hpp; path = cpp_Script/Robot.hpp; sourceTree = "<group>"; };
		3E21D96F25E99045001BFE96 /* SensorDot.hpp */ = {isa = PBXFileReference; fileEncoding = 4; lastKnownFileType = sourcecode.cpp.h; name = SensorDot.hpp; path = cpp_Script/SensorDot.hpp; sourceTree = "<group>"; };
		3E21D97025E99045001BFE96 /* CellArrayScaffold.cpp */ = {isa = PBXFileReference; fileEncoding = 4; lastKnownFileType = sourcecode.cpp.cpp; name = CellArrayScaffold.cpp; path = cpp_Script/CellArrayScaffold.cpp; sourceTree = "<group>"; };
		3E21D97125E99045001BFE96 /* Phenotype.hpp */ = {isa = PBXFileReference; fileEncoding = 4; lastKnownFileType = sourcecode.cpp.h; name = Phenotype.hpp; path = cpp_Script/Phenotype.hpp; sourceTree = "<group>"; };
		3E21D97225E99045001BFE96 /* random.cpp */ = {isa = PBXFileReference; fileEncoding = 4; lastKnownFileType = sourcecode.cpp.cpp; name = random.cpp; path = cpp_Script/random.cpp; sourceTree = "<group>"; };
		3E21D97325E99045001BFE96 /* Gene.hpp */ = {isa = PBXFileReference; fileEncoding = 4; lastKnownFileType = sourcecode.cpp.h; name = Gene.hpp; path = cpp_Script/Gene.hpp; sourceTree = "<group>"; };
		3E21D97425E99045001BFE96 /* RunSimulation.cpp */ = {isa = PBXFileReference; fileEncoding = 4; lastKnownFileType = sourcecode.cpp.cpp; name = RunSimulation.cpp; path = cpp_Script/RunSimulation.cpp; sourceTree = "<group>"; };
		3E21D97525E99046001BFE96 /* Gene.cpp */ = {isa = PBXFileReference; fileEncoding = 4; lastKnownFileType = sourcecode.cpp.cpp; name = Gene.cpp; path = cpp_Script/Gene.cpp; sourceTree = "<group>"; };
		3E21D97625E99046001BFE96 /* Connection.hpp */ = {isa = PBXFileReference; fileEncoding = 4; lastKnownFileType = sourcecode.cpp.h; name = Connection.hpp; path = cpp_Script/Connection.hpp; sourceTree = "<group>"; };
		3E21D97725E99046001BFE96 /* CellArrayScaffold.hpp */ = {isa = PBXFileReference; fileEncoding = 4; lastKnownFileType = sourcecode.cpp.h; name = CellArrayScaffold.hpp; path = cpp_Script/CellArrayScaffold.hpp; sourceTree = "<group>"; };
		3E21D97825E99046001BFE96 /* Cell.cpp */ = {isa = PBXFileReference; fileEncoding = 4; lastKnownFileType = sourcecode.cpp.cpp; name = Cell.cpp; path = cpp_Script/Cell.cpp; sourceTree = "<group>"; };
		3E21D97925E99046001BFE96 /* SensorArray.hpp */ = {isa = PBXFileReference; fileEncoding = 4; lastKnownFileType = sourcecode.cpp.h; name = SensorArray.hpp; path = cpp_Script/SensorArray.hpp; sourceTree = "<group>"; };
		3E21D97A25E99046001BFE96 /* PolygonCalculations.hpp */ = {isa = PBXFileReference; fileEncoding = 4; lastKnownFileType = sourcecode.cpp.h; name = PolygonCalculations.hpp; path = cpp_Script/PolygonCalculations.hpp; sourceTree = "<group>"; };
		3E21D97B25E99046001BFE96 /* ConnectionWeight.cpp */ = {isa = PBXFileReference; fileEncoding = 4; lastKnownFileType = sourcecode.cpp.cpp; name = ConnectionWeight.cpp; path = cpp_Script/ConnectionWeight.cpp; sourceTree = "<group>"; };
		3E21D97C25E99046001BFE96 /* GenerateGene.hpp */ = {isa = PBXFileReference; fileEncoding = 4; lastKnownFileType = sourcecode.cpp.h; name = GenerateGene.hpp; path = cpp_Script/GenerateGene.hpp; sourceTree = "<group>"; };
		3E21D97D25E99046001BFE96 /* Phenotype.cpp */ = {isa = PBXFileReference; fileEncoding = 4; lastKnownFileType = sourcecode.cpp.cpp; name = Phenotype.cpp; path = cpp_Script/Phenotype.cpp; sourceTree = "<group>"; };
		3E21D97E25E99046001BFE96 /* RunSimulation.hpp */ = {isa = PBXFileReference; fileEncoding = 4; lastKnownFileType = sourcecode.cpp.h; name = RunSimulation.hpp; path = cpp_Script/RunSimulation.hpp; sourceTree = "<group>"; };
		3E21D97F25E99046001BFE96 /* Connection.cpp */ = {isa = PBXFileReference; fileEncoding = 4; lastKnownFileType = sourcecode.cpp.cpp; name = Connection.cpp; path = cpp_Script/Connection.cpp; sourceTree = "<group>"; };
		3E21D98025E99046001BFE96 /* PolygonCalculations.cpp */ = {isa = PBXFileReference; fileEncoding = 4; lastKnownFileType = sourcecode.cpp.cpp; name = PolygonCalculations.cpp; path = cpp_Script/PolygonCalculations.cpp; sourceTree = "<group>"; };
		3E21D98125E99046001BFE96 /* Genotype.hpp */ = {isa = PBXFileReference; fileEncoding = 4; lastKnownFileType = sourcecode.cpp.h; name = Genotype.hpp; path = cpp_Script/Genotype.hpp; sourceTree = "<group>"; };
		3E21D98225E99046001BFE96 /* random.hpp */ = {isa = PBXFileReference; fileEncoding = 4; lastKnownFileType = sourcecode.cpp.h; name = random.hpp; path = cpp_Script/random.hpp; sourceTree = "<group>"; };
		3E21D98325E99046001BFE96 /* SensorDot.cpp */ = {isa = PBXFileReference; fileEncoding = 4; lastKnownFileType = sourcecode.cpp.cpp; name = SensorDot.cpp; path = cpp_Script/SensorDot.cpp; sourceTree = "<group>"; };
		3E21D98425E99046001BFE96 /* SensorArray.cpp */ = {isa = PBXFileReference; fileEncoding = 4; lastKnownFileType = sourcecode.cpp.cpp; name = SensorArray.cpp; path = cpp_Script/SensorArray.cpp; sourceTree = "<group>"; };
		3E21D98525E99046001BFE96 /* README.md */ = {isa = PBXFileReference; fileEncoding = 4; lastKnownFileType = net.daringfireball.markdown; name = README.md; path = cpp_Script/README.md; sourceTree = "<group>"; };
		3E21D98625E99046001BFE96 /* CellArray.hpp */ = {isa = PBXFileReference; fileEncoding = 4; lastKnownFileType = sourcecode.cpp.h; name = CellArray.hpp; path = cpp_Script/CellArray.hpp; sourceTree = "<group>"; };
		3E21D98725E99046001BFE96 /* Cell.hpp */ = {isa = PBXFileReference; fileEncoding = 4; lastKnownFileType = sourcecode.cpp.h; name = Cell.hpp; path = cpp_Script/Cell.hpp; sourceTree = "<group>"; };
		3E21D98825E99046001BFE96 /* Genotype.cpp */ = {isa = PBXFileReference; fileEncoding = 4; lastKnownFileType = sourcecode.cpp.cpp; name = Genotype.cpp; path = cpp_Script/Genotype.cpp; sourceTree = "<group>"; };
		3E21D98925E99046001BFE96 /* CellArray.cpp */ = {isa = PBXFileReference; fileEncoding = 4; lastKnownFileType = sourcecode.cpp.cpp; name = CellArray.cpp; path = cpp_Script/CellArray.cpp; sourceTree = "<group>"; };
		3E21D98A25E99046001BFE96 /* GlobalVariables.cpp */ = {isa = PBXFileReference; fileEncoding = 4; lastKnownFileType = sourcecode.cpp.cpp; name = GlobalVariables.cpp; path = cpp_Script/GlobalVariables.cpp; sourceTree = "<group>"; };
		3E21D98B25E99046001BFE96 /* GlobalVariables.hpp */ = {isa = PBXFileReference; fileEncoding = 4; lastKnownFileType = sourcecode.cpp.h; name = GlobalVariables.hpp; path = cpp_Script/GlobalVariables.hpp; sourceTree = "<group>"; };
		3E25237724C7750F00FBD880 /* gpmap */ = {isa = PBXFileReference; explicitFileType = "compiled.mach-o.executable"; includeInIndex = 0; path = gpmap; sourceTree = BUILT_PRODUCTS_DIR; };
		3E49FD3324D4A5AB009537B5 /* README.md */ = {isa = PBXFileReference; lastKnownFileType = net.daringfireball.markdown; path = README.md; sourceTree = "<group>"; };
/* End PBXFileReference section */

/* Begin PBXFrameworksBuildPhase section */
		3E25237424C7750F00FBD880 /* Frameworks */ = {
			isa = PBXFrameworksBuildPhase;
			buildActionMask = 2147483647;
			files = (
			);
			runOnlyForDeploymentPostprocessing = 0;
		};
/* End PBXFrameworksBuildPhase section */

/* Begin PBXGroup section */
		3E21D96B25E99022001BFE96 /* cpp_Script */ = {
			isa = PBXGroup;
			children = (
				3E21D97825E99046001BFE96 /* Cell.cpp */,
				3E21D98725E99046001BFE96 /* Cell.hpp */,
				3E21D98925E99046001BFE96 /* CellArray.cpp */,
				3E21D98625E99046001BFE96 /* CellArray.hpp */,
				3E21D97025E99045001BFE96 /* CellArrayScaffold.cpp */,
				3E21D97725E99046001BFE96 /* CellArrayScaffold.hpp */,
				3E21D97F25E99046001BFE96 /* Connection.cpp */,
				3E21D97625E99046001BFE96 /* Connection.hpp */,
				3E21D97B25E99046001BFE96 /* ConnectionWeight.cpp */,
				3E21D96D25E99045001BFE96 /* ConnectionWeight.hpp */,
				3E21D97525E99046001BFE96 /* Gene.cpp */,
				3E21D97325E99045001BFE96 /* Gene.hpp */,
				3E21D96C25E99045001BFE96 /* GenerateGene.cpp */,
				3E21D97C25E99046001BFE96 /* GenerateGene.hpp */,
				3E21D98825E99046001BFE96 /* Genotype.cpp */,
				3E21D98125E99046001BFE96 /* Genotype.hpp */,
				3E21D98A25E99046001BFE96 /* GlobalVariables.cpp */,
				3E21D98B25E99046001BFE96 /* GlobalVariables.hpp */,
				3E21D97D25E99046001BFE96 /* Phenotype.cpp */,
				3E21D97125E99045001BFE96 /* Phenotype.hpp */,
				3E21D98025E99046001BFE96 /* PolygonCalculations.cpp */,
				3E21D97A25E99046001BFE96 /* PolygonCalculations.hpp */,
				3E21D97225E99045001BFE96 /* random.cpp */,
				3E21D98225E99046001BFE96 /* random.hpp */,
				3E21D98525E99046001BFE96 /* README.md */,
				3E21D96E25E99045001BFE96 /* Robot.hpp */,
				3E21D97425E99045001BFE96 /* RunSimulation.cpp */,
				3E21D97E25E99046001BFE96 /* RunSimulation.hpp */,
				3E21D98425E99046001BFE96 /* SensorArray.cpp */,
				3E21D97925E99046001BFE96 /* SensorArray.hpp */,
				3E21D98325E99046001BFE96 /* SensorDot.cpp */,
				3E21D96F25E99045001BFE96 /* SensorDot.hpp */,
			);
			name = cpp_Script;
			sourceTree = "<group>";
		};
		3E25236E24C7750F00FBD880 = {
			isa = PBXGroup;
			children = (
				3E25237924C7750F00FBD880 /* gpmap */,
				3E25237824C7750F00FBD880 /* Products */,
			);
			sourceTree = "<group>";
		};
		3E25237824C7750F00FBD880 /* Products */ = {
			isa = PBXGroup;
			children = (
				3E25237724C7750F00FBD880 /* gpmap */,
			);
			name = Products;
			sourceTree = "<group>";
		};
		3E25237924C7750F00FBD880 /* gpmap */ = {
			isa = PBXGroup;
			children = (
				3E21D96B25E99022001BFE96 /* cpp_Script */,
				3E21D90A25E986CF001BFE96 /* main.cpp */,
				3E49FD3324D4A5AB009537B5 /* README.md */,
			);
			path = gpmap;
			sourceTree = "<group>";
		};
/* End PBXGroup section */

/* Begin PBXNativeTarget section */
		3E25237624C7750F00FBD880 /* gpmap */ = {
			isa = PBXNativeTarget;
			buildConfigurationList = 3E25237E24C7750F00FBD880 /* Build configuration list for PBXNativeTarget "gpmap" */;
			buildPhases = (
				3E25237324C7750F00FBD880 /* Sources */,
				3E25237424C7750F00FBD880 /* Frameworks */,
				3E25237524C7750F00FBD880 /* CopyFiles */,
			);
			buildRules = (
			);
			dependencies = (
			);
			name = gpmap;
			productName = gpmap;
			productReference = 3E25237724C7750F00FBD880 /* gpmap */;
			productType = "com.apple.product-type.tool";
		};
/* End PBXNativeTarget section */

/* Begin PBXProject section */
		3E25236F24C7750F00FBD880 /* Project object */ = {
			isa = PBXProject;
			attributes = {
				LastUpgradeCheck = 1200;
				ORGANIZATIONNAME = URSI;
				TargetAttributes = {
					3E25237624C7750F00FBD880 = {
						CreatedOnToolsVersion = 11.5;
					};
				};
			};
			buildConfigurationList = 3E25237224C7750F00FBD880 /* Build configuration list for PBXProject "gpmap" */;
			compatibilityVersion = "Xcode 9.3";
			developmentRegion = en;
			hasScannedForEncodings = 0;
			knownRegions = (
				en,
				Base,
			);
			mainGroup = 3E25236E24C7750F00FBD880;
			productRefGroup = 3E25237824C7750F00FBD880 /* Products */;
			projectDirPath = "";
			projectRoot = "";
			targets = (
				3E25237624C7750F00FBD880 /* gpmap */,
			);
		};
/* End PBXProject section */

/* Begin PBXSourcesBuildPhase section */
		3E25237324C7750F00FBD880 /* Sources */ = {
			isa = PBXSourcesBuildPhase;
			buildActionMask = 2147483647;
			files = (
				3E21D99025E99046001BFE96 /* Gene.cpp in Sources */,
				3E21D99425E99046001BFE96 /* Connection.cpp in Sources */,
				3E21D99825E99046001BFE96 /* Genotype.cpp in Sources */,
				3E21D98E25E99046001BFE96 /* random.cpp in Sources */,
				3E21D99325E99046001BFE96 /* Phenotype.cpp in Sources */,
				3E21D98F25E99046001BFE96 /* RunSimulation.cpp in Sources */,
				3E21D99125E99046001BFE96 /* Cell.cpp in Sources */,
				3E21D99725E99046001BFE96 /* SensorArray.cpp in Sources */,
				3E21D98D25E99046001BFE96 /* CellArrayScaffold.cpp in Sources */,
				3E21D99525E99046001BFE96 /* PolygonCalculations.cpp in Sources */,
				3E21D99225E99046001BFE96 /* ConnectionWeight.cpp in Sources */,
				3E21D90B25E986CF001BFE96 /* main.cpp in Sources */,
				3E21D99925E99046001BFE96 /* CellArray.cpp in Sources */,
				3E21D98C25E99046001BFE96 /* GenerateGene.cpp in Sources */,
				3E21D99A25E99046001BFE96 /* GlobalVariables.cpp in Sources */,
				3E21D99625E99046001BFE96 /* SensorDot.cpp in Sources */,
			);
			runOnlyForDeploymentPostprocessing = 0;
		};
/* End PBXSourcesBuildPhase section */

/* Begin XCBuildConfiguration section */
		3E25237C24C7750F00FBD880 /* Debug */ = {
			isa = XCBuildConfiguration;
			buildSettings = {
				ALWAYS_SEARCH_USER_PATHS = NO;
				CLANG_ANALYZER_NONNULL = YES;
				CLANG_ANALYZER_NUMBER_OBJECT_CONVERSION = YES_AGGRESSIVE;
				CLANG_CXX_LANGUAGE_STANDARD = "gnu++14";
				CLANG_CXX_LIBRARY = "libc++";
				CLANG_ENABLE_MODULES = YES;
				CLANG_ENABLE_OBJC_ARC = YES;
				CLANG_ENABLE_OBJC_WEAK = YES;
				CLANG_WARN_BLOCK_CAPTURE_AUTORELEASING = YES;
				CLANG_WARN_BOOL_CONVERSION = YES;
				CLANG_WARN_COMMA = YES;
				CLANG_WARN_CONSTANT_CONVERSION = YES;
				CLANG_WARN_DEPRECATED_OBJC_IMPLEMENTATIONS = YES;
				CLANG_WARN_DIRECT_OBJC_ISA_USAGE = YES_ERROR;
				CLANG_WARN_DOCUMENTATION_COMMENTS = YES;
				CLANG_WARN_EMPTY_BODY = YES;
				CLANG_WARN_ENUM_CONVERSION = YES;
				CLANG_WARN_INFINITE_RECURSION = YES;
				CLANG_WARN_INT_CONVERSION = YES;
				CLANG_WARN_NON_LITERAL_NULL_CONVERSION = YES;
				CLANG_WARN_OBJC_IMPLICIT_RETAIN_SELF = YES;
				CLANG_WARN_OBJC_LITERAL_CONVERSION = YES;
				CLANG_WARN_OBJC_ROOT_CLASS = YES_ERROR;
				CLANG_WARN_QUOTED_INCLUDE_IN_FRAMEWORK_HEADER = YES;
				CLANG_WARN_RANGE_LOOP_ANALYSIS = YES;
				CLANG_WARN_STRICT_PROTOTYPES = YES;
				CLANG_WARN_SUSPICIOUS_MOVE = YES;
				CLANG_WARN_UNGUARDED_AVAILABILITY = YES_AGGRESSIVE;
				CLANG_WARN_UNREACHABLE_CODE = YES;
				CLANG_WARN__DUPLICATE_METHOD_MATCH = YES;
				COPY_PHASE_STRIP = NO;
				DEBUG_INFORMATION_FORMAT = dwarf;
				ENABLE_STRICT_OBJC_MSGSEND = YES;
				ENABLE_TESTABILITY = YES;
				GCC_C_LANGUAGE_STANDARD = gnu11;
				GCC_DYNAMIC_NO_PIC = NO;
				GCC_NO_COMMON_BLOCKS = YES;
				GCC_OPTIMIZATION_LEVEL = 0;
				GCC_PREPROCESSOR_DEFINITIONS = (
					"DEBUG=1",
					"$(inherited)",
				);
				GCC_WARN_64_TO_32_BIT_CONVERSION = YES;
				GCC_WARN_ABOUT_RETURN_TYPE = YES_ERROR;
				GCC_WARN_UNDECLARED_SELECTOR = YES;
				GCC_WARN_UNINITIALIZED_AUTOS = YES_AGGRESSIVE;
				GCC_WARN_UNUSED_FUNCTION = YES;
				GCC_WARN_UNUSED_VARIABLE = YES;
				MACOSX_DEPLOYMENT_TARGET = 10.15;
				MTL_ENABLE_DEBUG_INFO = INCLUDE_SOURCE;
				MTL_FAST_MATH = YES;
				ONLY_ACTIVE_ARCH = YES;
				SDKROOT = macosx;
			};
			name = Debug;
		};
		3E25237D24C7750F00FBD880 /* Release */ = {
			isa = XCBuildConfiguration;
			buildSettings = {
				ALWAYS_SEARCH_USER_PATHS = NO;
				CLANG_ANALYZER_NONNULL = YES;
				CLANG_ANALYZER_NUMBER_OBJECT_CONVERSION = YES_AGGRESSIVE;
				CLANG_CXX_LANGUAGE_STANDARD = "gnu++14";
				CLANG_CXX_LIBRARY = "libc++";
				CLANG_ENABLE_MODULES = YES;
				CLANG_ENABLE_OBJC_ARC = YES;
				CLANG_ENABLE_OBJC_WEAK = YES;
				CLANG_WARN_BLOCK_CAPTURE_AUTORELEASING = YES;
				CLANG_WARN_BOOL_CONVERSION = YES;
				CLANG_WARN_COMMA = YES;
				CLANG_WARN_CONSTANT_CONVERSION = YES;
				CLANG_WARN_DEPRECATED_OBJC_IMPLEMENTATIONS = YES;
				CLANG_WARN_DIRECT_OBJC_ISA_USAGE = YES_ERROR;
				CLANG_WARN_DOCUMENTATION_COMMENTS = YES;
				CLANG_WARN_EMPTY_BODY = YES;
				CLANG_WARN_ENUM_CONVERSION = YES;
				CLANG_WARN_INFINITE_RECURSION = YES;
				CLANG_WARN_INT_CONVERSION = YES;
				CLANG_WARN_NON_LITERAL_NULL_CONVERSION = YES;
				CLANG_WARN_OBJC_IMPLICIT_RETAIN_SELF = YES;
				CLANG_WARN_OBJC_LITERAL_CONVERSION = YES;
				CLANG_WARN_OBJC_ROOT_CLASS = YES_ERROR;
				CLANG_WARN_QUOTED_INCLUDE_IN_FRAMEWORK_HEADER = YES;
				CLANG_WARN_RANGE_LOOP_ANALYSIS = YES;
				CLANG_WARN_STRICT_PROTOTYPES = YES;
				CLANG_WARN_SUSPICIOUS_MOVE = YES;
				CLANG_WARN_UNGUARDED_AVAILABILITY = YES_AGGRESSIVE;
				CLANG_WARN_UNREACHABLE_CODE = YES;
				CLANG_WARN__DUPLICATE_METHOD_MATCH = YES;
				COPY_PHASE_STRIP = NO;
				DEBUG_INFORMATION_FORMAT = "dwarf-with-dsym";
				ENABLE_NS_ASSERTIONS = NO;
				ENABLE_STRICT_OBJC_MSGSEND = YES;
				GCC_C_LANGUAGE_STANDARD = gnu11;
				GCC_NO_COMMON_BLOCKS = YES;
				GCC_WARN_64_TO_32_BIT_CONVERSION = YES;
				GCC_WARN_ABOUT_RETURN_TYPE = YES_ERROR;
				GCC_WARN_UNDECLARED_SELECTOR = YES;
				GCC_WARN_UNINITIALIZED_AUTOS = YES_AGGRESSIVE;
				GCC_WARN_UNUSED_FUNCTION = YES;
				GCC_WARN_UNUSED_VARIABLE = YES;
				MACOSX_DEPLOYMENT_TARGET = 10.15;
				MTL_ENABLE_DEBUG_INFO = NO;
				MTL_FAST_MATH = YES;
				SDKROOT = macosx;
			};
			name = Release;
		};
		3E25237F24C7750F00FBD880 /* Debug */ = {
			isa = XCBuildConfiguration;
			buildSettings = {
				CODE_SIGN_IDENTITY = "-";
				CODE_SIGN_STYLE = Automatic;
				PRODUCT_NAME = "$(TARGET_NAME)";
			};
			name = Debug;
		};
		3E25238024C7750F00FBD880 /* Release */ = {
			isa = XCBuildConfiguration;
			buildSettings = {
				CODE_SIGN_IDENTITY = "-";
				CODE_SIGN_STYLE = Automatic;
				PRODUCT_NAME = "$(TARGET_NAME)";
			};
			name = Release;
		};
/* End XCBuildConfiguration section */

/* Begin XCConfigurationList section */
		3E25237224C7750F00FBD880 /* Build configuration list for PBXProject "gpmap" */ = {
			isa = XCConfigurationList;
			buildConfigurations = (
				3E25237C24C7750F00FBD880 /* Debug */,
				3E25237D24C7750F00FBD880 /* Release */,
			);
			defaultConfigurationIsVisible = 0;
			defaultConfigurationName = Release;
		};
		3E25237E24C7750F00FBD880 /* Build configuration list for PBXNativeTarget "gpmap" */ = {
			isa = XCConfigurationList;
			buildConfigurations = (
				3E25237F24C7750F00FBD880 /* Debug */,
				3E25238024C7750F00FBD880 /* Release */,
			);
			defaultConfigurationIsVisible = 0;
			defaultConfigurationName = Release;
		};
/* End XCConfigurationList section */
	};
	rootObject = 3E25236F24C7750F00FBD880 /* Project object */;
}
